{
  "version": 4,
  "terraform_version": "0.12.21",
  "serial": 8,
  "lineage": "4f7cb111-a815-d98d-c023-9a0fe6dd411c",
  "outputs": {},
  "resources": [
    {
      "mode": "managed",
      "type": "google_container_cluster",
      "name": "primary",
      "provider": "provider.google",
      "instances": [
        {
          "schema_version": 1,
          "attributes": {
            "additional_zones": [],
            "addons_config": [
              {
                "horizontal_pod_autoscaling": [],
                "http_load_balancing": [],
                "kubernetes_dashboard": [],
                "network_policy_config": [
                  {
                    "disabled": true
                  }
                ]
              }
            ],
            "authenticator_groups_config": [],
            "cluster_autoscaling": [
              {
                "auto_provisioning_defaults": [],
                "enabled": false,
                "resource_limits": []
              }
            ],
            "cluster_ipv4_cidr": "10.16.0.0/14",
            "default_max_pods_per_node": 110,
            "description": "",
            "enable_binary_authorization": false,
            "enable_intranode_visibility": null,
            "enable_kubernetes_alpha": false,
            "enable_legacy_abac": false,
            "enable_tpu": null,
            "endpoint": "35.222.212.33",
            "id": "projects/lab-marceloweb/locations/us-central1/clusters/my-gke-cluster",
            "initial_node_count": 1,
            "instance_group_urls": [],
            "ip_allocation_policy": [],
            "label_fingerprint": "a9dc16a7",
            "location": "us-central1",
            "logging_service": "logging.googleapis.com/kubernetes",
            "maintenance_policy": [],
            "master_auth": [
              {
                "client_certificate": "",
                "client_certificate_config": [
                  {
                    "issue_client_certificate": false
                  }
                ],
                "client_key": "",
                "cluster_ca_certificate": "LS0tLS1CRUdJTiBDRVJUSUZJQ0FURS0tLS0tCk1JSURDekNDQWZPZ0F3SUJBZ0lRZnVmYUEwa2hVVitqbWdXYTBmeFMwREFOQmdrcWhraUc5dzBCQVFzRkFEQXYKTVMwd0t3WURWUVFERXlRek16Wm1ZVFJoTlMwMVltUTNMVFF4TXpRdFltSTBPUzB5WXpWa1lXRTFPV1poT0RNdwpIaGNOTWpBd01qSTJNREV4TnpNeFdoY05NalV3TWpJME1ESXhOek14V2pBdk1TMHdLd1lEVlFRREV5UXpNelptCllUUmhOUzAxWW1RM0xUUXhNelF0WW1JME9TMHlZelZrWVdFMU9XWmhPRE13Z2dFaU1BMEdDU3FHU0liM0RRRUIKQVFVQUE0SUJEd0F3Z2dFS0FvSUJBUURXdTcwV3R3STFlRWpPdWZHdzN4ZjRZNWI1MzlMemNKM2NPOFd5bHhhMgoxQ21kaTJZd0NPeGZncUM3cUNwSnNkMmNDNTMxeGlOc0p4aHpBVzcxb2k2T2pZZVEwRFRwbmh4SE04YzRhb0JICkxhOWgwdUV6cjFaTnNCTzVST2N0TVh4OGtmWDlOdDRycE0rZUtZOFp6NncyeTNud3YxMHd4S1hKNHM0eUpmaGQKMS9aQ3dHNTQ0SmRzOUg5cTY0MmNOa1Z2N0RMQWVkelNKMUxaaEpjOXNFdW9JZElMcUtQUkVRUmE0Z1hKV1MrOQpTZDJwTy82ZFlKdjlIbWNoYzlVSWJmeG1wNitFUnpYUUY5NW80OFJNMHJCMUQzVnZDTE1QOUJ3VG9KbHB4RkNICm1UQ0pCQWlVS1ZyWlgxc1g3bFliaFhRM1ZMY1hpRGZibytjVk52bFlSSm0zQWdNQkFBR2pJekFoTUE0R0ExVWQKRHdFQi93UUVBd0lDQkRBUEJnTlZIUk1CQWY4RUJUQURBUUgvTUEwR0NTcUdTSWIzRFFFQkN3VUFBNElCQVFDYQphZkhSeFZqTkhXZi9MdjhsaXIvMjNOSmVTOWZ6N3dkVDJnZGtwZkh1ZVE0eW8vZGw4UytLYTBadnBGTFZnZjQ4CndWMjhXbHpTQ0dWUVVFUDRIUzZqMkhDNTA2OUJlQzBUUmlqTnVONWZNbTNsNmFGRjhpaVNHWmFTNkMySmZXUW4KMWJRTm4vaEJuUzB4QUh2UkxDM3c2enFiZkdiMzJnMFhtRTZCYzd3R2Y4N3M0TzZqMVRkYjdkY1hhbEdrRjFxcwoxQ0hFWmdLWVU2Ny85QjhKVkY2MUFMUzJZcCtjODB3R2dRVWVFR0JzMndSZ1dRUkZaRVljMjZsMVVVWk1yT3R2Ckw1YlV0UklUSStNcHdYODBuajNUMVRVRk5rcGpFb1Zhb1Q2LzlkcEJFazlYM1Vkc0VCWXlUVzdYbEhRcTRwWGsKT3g3U0EzTGtBcjZWQ1hhdWxiTzcKLS0tLS1FTkQgQ0VSVElGSUNBVEUtLS0tLQo=",
                "password": "",
                "username": ""
              }
            ],
            "master_authorized_networks_config": [],
            "master_version": "1.14.10-gke.17",
            "min_master_version": null,
            "monitoring_service": "monitoring.googleapis.com/kubernetes",
            "name": "my-gke-cluster",
            "network": "projects/lab-marceloweb/global/networks/default",
            "network_policy": [
              {
                "enabled": false,
                "provider": "PROVIDER_UNSPECIFIED"
              }
            ],
            "node_config": [],
            "node_locations": [
              "us-central1-a",
              "us-central1-b",
              "us-central1-c"
            ],
            "node_pool": [],
            "node_version": "1.14.10-gke.17",
            "operation": null,
            "pod_security_policy_config": null,
            "private_cluster_config": [],
            "project": "lab-marceloweb",
            "region": null,
            "remove_default_node_pool": true,
            "resource_labels": null,
            "services_ipv4_cidr": "10.19.240.0/20",
            "subnetwork": "projects/lab-marceloweb/regions/us-central1/subnetworks/default",
            "timeouts": null,
            "vertical_pod_autoscaling": [],
            "zone": null
          },
          "private": "eyJlMmJmYjczMC1lY2FhLTExZTYtOGY4OC0zNDM2M2JjN2M0YzAiOnsiY3JlYXRlIjoyNDAwMDAwMDAwMDAwLCJkZWxldGUiOjI0MDAwMDAwMDAwMDAsInVwZGF0ZSI6MzYwMDAwMDAwMDAwMH0sInNjaGVtYV92ZXJzaW9uIjoiMSJ9"
        }
      ]
    }
  ]
}
